
Microsoft Visual Studio Solution File, Format Version 12.00
# Visual Studio 15
VisualStudioVersion = 15.0.28307.489
MinimumVisualStudioVersion = 10.0.40219.1
Project("{FAE04EC0-301F-11D3-BF4B-00C04F79EFBC}") = "SharedMVC", "SharedMVC\SharedMVC.csproj", "{1AA063C5-AFEB-4E1A-854A-6F59841462D1}"
EndProject
Global
	GlobalSection(SolutionConfigurationPlatforms) = preSolution
		Debug|Any CPU = Debug|Any CPU
		Release|Any CPU = Release|Any CPU
	EndGlobalSection
	GlobalSection(ProjectConfigurationPlatforms) = postSolution
		{1AA063C5-AFEB-4E1A-854A-6F59841462D1}.Debug|Any CPU.ActiveCfg = Debug|Any CPU
		{1AA063C5-AFEB-4E1A-854A-6F59841462D1}.Debug|Any CPU.Build.0 = Debug|Any CPU
		{1AA063C5-AFEB-4E1A-854A-6F59841462D1}.Release|Any CPU.ActiveCfg = Release|Any CPU
		{1AA063C5-AFEB-4E1A-854A-6F59841462D1}.Release|Any CPU.Build.0 = Release|Any CPU
	EndGlobalSection
	GlobalSection(SolutionProperties) = preSolution
		HideSolutionNode = FALSE
	EndGlobalSection
	GlobalSection(ExtensibilityGlobals) = postSolution
		SolutionGuid = {FDF4469D-3060-4B12-B656-310490B29F35}
	EndGlobalSection
EndGlobal
